
Microsoft Visual Studio Solution File, Format Version 12.00
# Visual Studio 2013
VisualStudioVersion = 12.0.31101.0
MinimumVisualStudioVersion = 10.0.40219.1
Project("{FAE04EC0-301F-11D3-BF4B-00C04F79EFBC}") = "FileTape", "FileTape\FileTape.csproj", "{D2A25141-C0B7-44EC-A956-73909446E6FA}"
EndProject
Project("{FAE04EC0-301F-11D3-BF4B-00C04F79EFBC}") = "FileTapeFastTest", "FileTapeFastTest\FileTapeFastTest.csproj", "{7725DCE0-2D95-4C47-A949-0C1A4F4A0604}"
EndProject
Global
	GlobalSection(SolutionConfigurationPlatforms) = preSolution
		Debug|Any CPU = Debug|Any CPU
		Release|Any CPU = Release|Any CPU
	EndGlobalSection
	GlobalSection(ProjectConfigurationPlatforms) = postSolution
		{D2A25141-C0B7-44EC-A956-73909446E6FA}.Debug|Any CPU.ActiveCfg = Debug|Any CPU
		{D2A25141-C0B7-44EC-A956-73909446E6FA}.Debug|Any CPU.Build.0 = Debug|Any CPU
		{D2A25141-C0B7-44EC-A956-73909446E6FA}.Release|Any CPU.ActiveCfg = Release|Any CPU
		{D2A25141-C0B7-44EC-A956-73909446E6FA}.Release|Any CPU.Build.0 = Release|Any CPU
		{7725DCE0-2D95-4C47-A949-0C1A4F4A0604}.Debug|Any CPU.ActiveCfg = Debug|Any CPU
		{7725DCE0-2D95-4C47-A949-0C1A4F4A0604}.Debug|Any CPU.Build.0 = Debug|Any CPU
		{7725DCE0-2D95-4C47-A949-0C1A4F4A0604}.Release|Any CPU.ActiveCfg = Release|Any CPU
		{7725DCE0-2D95-4C47-A949-0C1A4F4A0604}.Release|Any CPU.Build.0 = Release|Any CPU
	EndGlobalSection
	GlobalSection(SolutionProperties) = preSolution
		HideSolutionNode = FALSE
	EndGlobalSection
EndGlobal
